
Microsoft Visual Studio Solution File, Format Version 12.00
# Visual Studio Version 16
VisualStudioVersion = 16.0.31410.357
MinimumVisualStudioVersion = 10.0.40219.1
Project("{FAE04EC0-301F-11D3-BF4B-00C04F79EFBC}") = "Carosel.Android", "Carosel\Carosel.Android\Carosel.Android.csproj", "{776BC21E-C1F5-4308-B129-D9062F6C131B}"
EndProject
Project("{FAE04EC0-301F-11D3-BF4B-00C04F79EFBC}") = "Carosel.iOS", "Carosel\Carosel.iOS\Carosel.iOS.csproj", "{2C295C73-C93E-4682-BA42-215E3695EF52}"
EndProject
Project("{FAE04EC0-301F-11D3-BF4B-00C04F79EFBC}") = "Carosel", "Carosel\Carosel\Carosel.csproj", "{D9017098-B418-4388-B0FF-878750284D64}"
EndProject
Global
	GlobalSection(SolutionConfigurationPlatforms) = preSolution
		Debug|Any CPU = Debug|Any CPU
		Debug|iPhone = Debug|iPhone
		Debug|iPhoneSimulator = Debug|iPhoneSimulator
		Release|Any CPU = Release|Any CPU
		Release|iPhone = Release|iPhone
		Release|iPhoneSimulator = Release|iPhoneSimulator
	EndGlobalSection
	GlobalSection(ProjectConfigurationPlatforms) = postSolution
		{776BC21E-C1F5-4308-B129-D9062F6C131B}.Debug|Any CPU.ActiveCfg = Debug|Any CPU
		{776BC21E-C1F5-4308-B129-D9062F6C131B}.Debug|Any CPU.Build.0 = Debug|Any CPU
		{776BC21E-C1F5-4308-B129-D9062F6C131B}.Debug|Any CPU.Deploy.0 = Debug|Any CPU
		{776BC21E-C1F5-4308-B129-D9062F6C131B}.Debug|iPhone.ActiveCfg = Debug|Any CPU
		{776BC21E-C1F5-4308-B129-D9062F6C131B}.Debug|iPhone.Build.0 = Debug|Any CPU
		{776BC21E-C1F5-4308-B129-D9062F6C131B}.Debug|iPhone.Deploy.0 = Debug|Any CPU
		{776BC21E-C1F5-4308-B129-D9062F6C131B}.Debug|iPhoneSimulator.ActiveCfg = Debug|Any CPU
		{776BC21E-C1F5-4308-B129-D9062F6C131B}.Debug|iPhoneSimulator.Build.0 = Debug|Any CPU
		{776BC21E-C1F5-4308-B129-D9062F6C131B}.Debug|iPhoneSimulator.Deploy.0 = Debug|Any CPU
		{776BC21E-C1F5-4308-B129-D9062F6C131B}.Release|Any CPU.ActiveCfg = Release|Any CPU
		{776BC21E-C1F5-4308-B129-D9062F6C131B}.Release|Any CPU.Build.0 = Release|Any CPU
		{776BC21E-C1F5-4308-B129-D9062F6C131B}.Release|Any CPU.Deploy.0 = Release|Any CPU
		{776BC21E-C1F5-4308-B129-D9062F6C131B}.Release|iPhone.ActiveCfg = Release|Any CPU
		{776BC21E-C1F5-4308-B129-D9062F6C131B}.Release|iPhone.Build.0 = Release|Any CPU
		{776BC21E-C1F5-4308-B129-D9062F6C131B}.Release|iPhone.Deploy.0 = Release|Any CPU
		{776BC21E-C1F5-4308-B129-D9062F6C131B}.Release|iPhoneSimulator.ActiveCfg = Release|Any CPU
		{776BC21E-C1F5-4308-B129-D9062F6C131B}.Release|iPhoneSimulator.Build.0 = Release|Any CPU
		{776BC21E-C1F5-4308-B129-D9062F6C131B}.Release|iPhoneSimulator.Deploy.0 = Release|Any CPU
		{2C295C73-C93E-4682-BA42-215E3695EF52}.Debug|Any CPU.ActiveCfg = Debug|iPhone
		{2C295C73-C93E-4682-BA42-215E3695EF52}.Debug|Any CPU.Build.0 = Debug|iPhone
		{2C295C73-C93E-4682-BA42-215E3695EF52}.Debug|Any CPU.Deploy.0 = Debug|iPhone
		{2C295C73-C93E-4682-BA42-215E3695EF52}.Debug|iPhone.ActiveCfg = Debug|iPhone
		{2C295C73-C93E-4682-BA42-215E3695EF52}.Debug|iPhone.Build.0 = Debug|iPhone
		{2C295C73-C93E-4682-BA42-215E3695EF52}.Debug|iPhone.Deploy.0 = Debug|iPhone
		{2C295C73-C93E-4682-BA42-215E3695EF52}.Debug|iPhoneSimulator.ActiveCfg = Debug|iPhoneSimulator
		{2C295C73-C93E-4682-BA42-215E3695EF52}.Debug|iPhoneSimulator.Build.0 = Debug|iPhoneSimulator
		{2C295C73-C93E-4682-BA42-215E3695EF52}.Debug|iPhoneSimulator.Deploy.0 = Debug|iPhoneSimulator
		{2C295C73-C93E-4682-BA42-215E3695EF52}.Release|Any CPU.ActiveCfg = Release|iPhoneSimulator
		{2C295C73-C93E-4682-BA42-215E3695EF52}.Release|Any CPU.Build.0 = Release|iPhoneSimulator
		{2C295C73-C93E-4682-BA42-215E3695EF52}.Release|Any CPU.Deploy.0 = Release|iPhoneSimulator
		{2C295C73-C93E-4682-BA42-215E3695EF52}.Release|iPhone.ActiveCfg = Release|iPhone
		{2C295C73-C93E-4682-BA42-215E3695EF52}.Release|iPhone.Build.0 = Release|iPhone
		{2C295C73-C93E-4682-BA42-215E3695EF52}.Release|iPhone.Deploy.0 = Release|iPhone
		{2C295C73-C93E-4682-BA42-215E3695EF52}.Release|iPhoneSimulator.ActiveCfg = Release|iPhoneSimulator
		{2C295C73-C93E-4682-BA42-215E3695EF52}.Release|iPhoneSimulator.Build.0 = Release|iPhoneSimulator
		{2C295C73-C93E-4682-BA42-215E3695EF52}.Release|iPhoneSimulator.Deploy.0 = Release|iPhoneSimulator
		{D9017098-B418-4388-B0FF-878750284D64}.Debug|Any CPU.ActiveCfg = Debug|Any CPU
		{D9017098-B418-4388-B0FF-878750284D64}.Debug|Any CPU.Build.0 = Debug|Any CPU
		{D9017098-B418-4388-B0FF-878750284D64}.Debug|Any CPU.Deploy.0 = Debug|Any CPU
		{D9017098-B418-4388-B0FF-878750284D64}.Debug|iPhone.ActiveCfg = Debug|Any CPU
		{D9017098-B418-4388-B0FF-878750284D64}.Debug|iPhone.Build.0 = Debug|Any CPU
		{D9017098-B418-4388-B0FF-878750284D64}.Debug|iPhone.Deploy.0 = Debug|Any CPU
		{D9017098-B418-4388-B0FF-878750284D64}.Debug|iPhoneSimulator.ActiveCfg = Debug|Any CPU
		{D9017098-B418-4388-B0FF-878750284D64}.Debug|iPhoneSimulator.Build.0 = Debug|Any CPU
		{D9017098-B418-4388-B0FF-878750284D64}.Debug|iPhoneSimulator.Deploy.0 = Debug|Any CPU
		{D9017098-B418-4388-B0FF-878750284D64}.Release|Any CPU.ActiveCfg = Release|Any CPU
		{D9017098-B418-4388-B0FF-878750284D64}.Release|Any CPU.Build.0 = Release|Any CPU
		{D9017098-B418-4388-B0FF-878750284D64}.Release|Any CPU.Deploy.0 = Release|Any CPU
		{D9017098-B418-4388-B0FF-878750284D64}.Release|iPhone.ActiveCfg = Release|Any CPU
		{D9017098-B418-4388-B0FF-878750284D64}.Release|iPhone.Build.0 = Release|Any CPU
		{D9017098-B418-4388-B0FF-878750284D64}.Release|iPhone.Deploy.0 = Release|Any CPU
		{D9017098-B418-4388-B0FF-878750284D64}.Release|iPhoneSimulator.ActiveCfg = Release|Any CPU
		{D9017098-B418-4388-B0FF-878750284D64}.Release|iPhoneSimulator.Build.0 = Release|Any CPU
		{D9017098-B418-4388-B0FF-878750284D64}.Release|iPhoneSimulator.Deploy.0 = Release|Any CPU
	EndGlobalSection
	GlobalSection(SolutionProperties) = preSolution
		HideSolutionNode = FALSE
	EndGlobalSection
	GlobalSection(ExtensibilityGlobals) = postSolution
		SolutionGuid = {2757196A-99F9-4D06-86AE-A3470CA5C88B}
	EndGlobalSection
EndGlobal
